
Microsoft Visual Studio Solution File, Format Version 12.00
# Visual Studio Version 17
VisualStudioVersion = 17.4.33205.214
MinimumVisualStudioVersion = 10.0.40219.1
Project("{FAE04EC0-301F-11D3-BF4B-00C04F79EFBC}") = "Stregsystem", "Stregsystem\Stregsystem.csproj", "{A796E135-2CF3-4855-B04A-2B82D156A030}"
EndProject
Global
	GlobalSection(SolutionConfigurationPlatforms) = preSolution
		Debug|Any CPU = Debug|Any CPU
		Release|Any CPU = Release|Any CPU
	EndGlobalSection
	GlobalSection(ProjectConfigurationPlatforms) = postSolution
		{A796E135-2CF3-4855-B04A-2B82D156A030}.Debug|Any CPU.ActiveCfg = Debug|Any CPU
		{A796E135-2CF3-4855-B04A-2B82D156A030}.Debug|Any CPU.Build.0 = Debug|Any CPU
		{A796E135-2CF3-4855-B04A-2B82D156A030}.Release|Any CPU.ActiveCfg = Release|Any CPU
		{A796E135-2CF3-4855-B04A-2B82D156A030}.Release|Any CPU.Build.0 = Release|Any CPU
	EndGlobalSection
	GlobalSection(SolutionProperties) = preSolution
		HideSolutionNode = FALSE
	EndGlobalSection
	GlobalSection(ExtensibilityGlobals) = postSolution
		SolutionGuid = {F152BCA3-76EC-4EB7-A780-2226619E57AA}
	EndGlobalSection
EndGlobal
